// !$*UTF8*$!
{
	archiveVersion = 1;
	classes = {
	};
	objectVersion = 50;
	objects = {

/* Begin PBXBuildFile section */
		E040376622FCEC250005856E /* AppDelegate.swift in Sources */ = {isa = PBXBuildFile; fileRef = E040376522FCEC250005856E /* AppDelegate.swift */; };
		E040376822FCEC250005856E /* CategoriesViewController.swift in Sources */ = {isa = PBXBuildFile; fileRef = E040376722FCEC250005856E /* CategoriesViewController.swift */; };
		E040376B22FCEC250005856E /* Main.storyboard in Resources */ = {isa = PBXBuildFile; fileRef = E040376922FCEC250005856E /* Main.storyboard */; };
		E040376D22FCEC270005856E /* Assets.xcassets in Resources */ = {isa = PBXBuildFile; fileRef = E040376C22FCEC270005856E /* Assets.xcassets */; };
		E040377022FCEC270005856E /* LaunchScreen.storyboard in Resources */ = {isa = PBXBuildFile; fileRef = E040376E22FCEC270005856E /* LaunchScreen.storyboard */; };
		E07B4E952300D16200220623 /* CategoryCell.swift in Sources */ = {isa = PBXBuildFile; fileRef = E07B4E942300D16200220623 /* CategoryCell.swift */; };
		E07B4E972300D52400220623 /* Category.swift in Sources */ = {isa = PBXBuildFile; fileRef = E07B4E962300D52400220623 /* Category.swift */; };
		E07B4E9A2300D64100220623 /* DataService.swift in Sources */ = {isa = PBXBuildFile; fileRef = E07B4E992300D64100220623 /* DataService.swift */; };
		E07B4E9C2301009500220623 /* ProductCell.swift in Sources */ = {isa = PBXBuildFile; fileRef = E07B4E9B2301009500220623 /* ProductCell.swift */; };
		E07B4E9E2301018500220623 /* Product.swift in Sources */ = {isa = PBXBuildFile; fileRef = E07B4E9D2301018500220623 /* Product.swift */; };
		E07B4EA02301160900220623 /* ProductViewController.swift in Sources */ = {isa = PBXBuildFile; fileRef = E07B4E9F2301160900220623 /* ProductViewController.swift */; };
/* End PBXBuildFile section */

/* Begin PBXFileReference section */
		E040376222FCEC250005856E /* coder-swag.app */ = {isa = PBXFileReference; explicitFileType = wrapper.application; includeInIndex = 0; path = "coder-swag.app"; sourceTree = BUILT_PRODUCTS_DIR; };
		E040376522FCEC250005856E /* AppDelegate.swift */ = {isa = PBXFileReference; lastKnownFileType = sourcecode.swift; path = AppDelegate.swift; sourceTree = "<group>"; };
		E040376722FCEC250005856E /* CategoriesViewController.swift */ = {isa = PBXFileReference; lastKnownFileType = sourcecode.swift; path = CategoriesViewController.swift; sourceTree = "<group>"; };
		E040376A22FCEC250005856E /* Base */ = {isa = PBXFileReference; lastKnownFileType = file.storyboard; name = Base; path = Base.lproj/Main.storyboard; sourceTree = "<group>"; };
		E040376C22FCEC270005856E /* Assets.xcassets */ = {isa = PBXFileReference; lastKnownFileType = folder.assetcatalog; path = Assets.xcassets; sourceTree = "<group>"; };
		E040376F22FCEC270005856E /* Base */ = {isa = PBXFileReference; lastKnownFileType = file.storyboard; name = Base; path = Base.lproj/LaunchScreen.storyboard; sourceTree = "<group>"; };
		E040377122FCEC270005856E /* Info.plist */ = {isa = PBXFileReference; lastKnownFileType = text.plist.xml; path = Info.plist; sourceTree = "<group>"; };
		E07B4E942300D16200220623 /* CategoryCell.swift */ = {isa = PBXFileReference; lastKnownFileType = sourcecode.swift; path = CategoryCell.swift; sourceTree = "<group>"; };
		E07B4E962300D52400220623 /* Category.swift */ = {isa = PBXFileReference; lastKnownFileType = sourcecode.swift; path = Category.swift; sourceTree = "<group>"; };
		E07B4E992300D64100220623 /* DataService.swift */ = {isa = PBXFileReference; lastKnownFileType = sourcecode.swift; path = DataService.swift; sourceTree = "<group>"; };
		E07B4E9B2301009500220623 /* ProductCell.swift */ = {isa = PBXFileReference; lastKnownFileType = sourcecode.swift; path = ProductCell.swift; sourceTree = "<group>"; };
		E07B4E9D2301018500220623 /* Product.swift */ = {isa = PBXFileReference; lastKnownFileType = sourcecode.swift; path = Product.swift; sourceTree = "<group>"; };
		E07B4E9F2301160900220623 /* ProductViewController.swift */ = {isa = PBXFileReference; lastKnownFileType = sourcecode.swift; path = ProductViewController.swift; sourceTree = "<group>"; };
/* End PBXFileReference section */

/* Begin PBXFrameworksBuildPhase section */
		E040375F22FCEC240005856E /* Frameworks */ = {
			isa = PBXFrameworksBuildPhase;
			buildActionMask = 2147483647;
			files = (
			);
			runOnlyForDeploymentPostprocessing = 0;
		};
/* End PBXFrameworksBuildPhase section */

/* Begin PBXGroup section */
		E040375922FCEC240005856E = {
			isa = PBXGroup;
			children = (
				E040376422FCEC250005856E /* coder-swag */,
				E040376322FCEC250005856E /* Products */,
			);
			sourceTree = "<group>";
		};
		E040376322FCEC250005856E /* Products */ = {
			isa = PBXGroup;
			children = (
				E040376222FCEC250005856E /* coder-swag.app */,
			);
			name = Products;
			sourceTree = "<group>";
		};
		E040376422FCEC250005856E /* coder-swag */ = {
			isa = PBXGroup;
			children = (
				E07B4E982300D62800220623 /* Services */,
				E07B4E932300D10500220623 /* View */,
				E07B4E922300D10000220623 /* Model */,
				E07B4E912300D0F500220623 /* Controller */,
				E040376522FCEC250005856E /* AppDelegate.swift */,
				E040376E22FCEC270005856E /* LaunchScreen.storyboard */,
				E040376922FCEC250005856E /* Main.storyboard */,
				E040376C22FCEC270005856E /* Assets.xcassets */,
				E040377122FCEC270005856E /* Info.plist */,
			);
			path = "coder-swag";
			sourceTree = "<group>";
		};
		E07B4E912300D0F500220623 /* Controller */ = {
			isa = PBXGroup;
			children = (
				E040376722FCEC250005856E /* CategoriesViewController.swift */,
				E07B4E9F2301160900220623 /* ProductViewController.swift */,
			);
			path = Controller;
			sourceTree = "<group>";
		};
		E07B4E922300D10000220623 /* Model */ = {
			isa = PBXGroup;
			children = (
				E07B4E962300D52400220623 /* Category.swift */,
				E07B4E9D2301018500220623 /* Product.swift */,
			);
			path = Model;
			sourceTree = "<group>";
		};
		E07B4E932300D10500220623 /* View */ = {
			isa = PBXGroup;
			children = (
				E07B4E942300D16200220623 /* CategoryCell.swift */,
				E07B4E9B2301009500220623 /* ProductCell.swift */,
			);
			path = View;
			sourceTree = "<group>";
		};
		E07B4E982300D62800220623 /* Services */ = {
			isa = PBXGroup;
			children = (
				E07B4E992300D64100220623 /* DataService.swift */,
			);
			path = Services;
			sourceTree = "<group>";
		};
/* End PBXGroup section */

/* Begin PBXNativeTarget section */
		E040376122FCEC240005856E /* coder-swag */ = {
			isa = PBXNativeTarget;
			buildConfigurationList = E040377422FCEC270005856E /* Build configuration list for PBXNativeTarget "coder-swag" */;
			buildPhases = (
				E040375E22FCEC240005856E /* Sources */,
				E040375F22FCEC240005856E /* Frameworks */,
				E040376022FCEC240005856E /* Resources */,
			);
			buildRules = (
			);
			dependencies = (
			);
			name = "coder-swag";
			productName = "coder-swag";
			productReference = E040376222FCEC250005856E /* coder-swag.app */;
			productType = "com.apple.product-type.application";
		};
/* End PBXNativeTarget section */

/* Begin PBXProject section */
		E040375A22FCEC240005856E /* Project object */ = {
			isa = PBXProject;
			attributes = {
				LastSwiftUpdateCheck = 1030;
				LastUpgradeCheck = 1030;
				ORGANIZATIONNAME = "Giselle Tavares";
				TargetAttributes = {
					E040376122FCEC240005856E = {
						CreatedOnToolsVersion = 10.3;
					};
				};
			};
			buildConfigurationList = E040375D22FCEC240005856E /* Build configuration list for PBXProject "coder-swag" */;
			compatibilityVersion = "Xcode 9.3";
			developmentRegion = en;
			hasScannedForEncodings = 0;
			knownRegions = (
				en,
				Base,
			);
			mainGroup = E040375922FCEC240005856E;
			productRefGroup = E040376322FCEC250005856E /* Products */;
			projectDirPath = "";
			projectRoot = "";
			targets = (
				E040376122FCEC240005856E /* coder-swag */,
			);
		};
/* End PBXProject section */

/* Begin PBXResourcesBuildPhase section */
		E040376022FCEC240005856E /* Resources */ = {
			isa = PBXResourcesBuildPhase;
			buildActionMask = 2147483647;
			files = (
				E040377022FCEC270005856E /* LaunchScreen.storyboard in Resources */,
				E040376D22FCEC270005856E /* Assets.xcassets in Resources */,
				E040376B22FCEC250005856E /* Main.storyboard in Resources */,
			);
			runOnlyForDeploymentPostprocessing = 0;
		};
/* End PBXResourcesBuildPhase section */

/* Begin PBXSourcesBuildPhase section */
		E040375E22FCEC240005856E /* Sources */ = {
			isa = PBXSourcesBuildPhase;
			buildActionMask = 2147483647;
			files = (
				E040376822FCEC250005856E /* CategoriesViewController.swift in Sources */,
				E07B4E952300D16200220623 /* CategoryCell.swift in Sources */,
				E040376622FCEC250005856E /* AppDelegate.swift in Sources */,
				E07B4E9C2301009500220623 /* ProductCell.swift in Sources */,
				E07B4E972300D52400220623 /* Category.swift in Sources */,
				E07B4E9A2300D64100220623 /* DataService.swift in Sources */,
				E07B4EA02301160900220623 /* ProductViewController.swift in Sources */,
				E07B4E9E2301018500220623 /* Product.swift in Sources */,
			);
			runOnlyForDeploymentPostprocessing = 0;
		};
/* End PBXSourcesBuildPhase section */

/* Begin PBXVariantGroup section */
		E040376922FCEC250005856E /* Main.storyboard */ = {
			isa = PBXVariantGroup;
			children = (
				E040376A22FCEC250005856E /* Base */,
			);
			name = Main.storyboard;
			sourceTree = "<group>";
		};
		E040376E22FCEC270005856E /* LaunchScreen.storyboard */ = {
			isa = PBXVariantGroup;
			children = (
				E040376F22FCEC270005856E /* Base */,
			);
			name = LaunchScreen.storyboard;
			sourceTree = "<group>";
		};
/* End PBXVariantGroup section */

/* Begin XCBuildConfiguration section */
		E040377222FCEC270005856E /* Debug */ = {
			isa = XCBuildConfiguration;
			buildSettings = {
				ALWAYS_SEARCH_USER_PATHS = NO;
				CLANG_ANALYZER_NONNULL = YES;
				CLANG_ANALYZER_NUMBER_OBJECT_CONVERSION = YES_AGGRESSIVE;
				CLANG_CXX_LANGUAGE_STANDARD = "gnu++14";
				CLANG_CXX_LIBRARY = "libc++";
				CLANG_ENABLE_MODULES = YES;
				CLANG_ENABLE_OBJC_ARC = YES;
				CLANG_ENABLE_OBJC_WEAK = YES;
				CLANG_WARN_BLOCK_CAPTURE_AUTORELEASING = YES;
				CLANG_WARN_BOOL_CONVERSION = YES;
				CLANG_WARN_COMMA = YES;
				CLANG_WARN_CONSTANT_CONVERSION = YES;
				CLANG_WARN_DEPRECATED_OBJC_IMPLEMENTATIONS = YES;
				CLANG_WARN_DIRECT_OBJC_ISA_USAGE = YES_ERROR;
				CLANG_WARN_DOCUMENTATION_COMMENTS = YES;
				CLANG_WARN_EMPTY_BODY = YES;
				CLANG_WARN_ENUM_CONVERSION = YES;
				CLANG_WARN_INFINITE_RECURSION = YES;
				CLANG_WARN_INT_CONVERSION = YES;
				CLANG_WARN_NON_LITERAL_NULL_CONVERSION = YES;
				CLANG_WARN_OBJC_IMPLICIT_RETAIN_SELF = YES;
				CLANG_WARN_OBJC_LITERAL_CONVERSION = YES;
				CLANG_WARN_OBJC_ROOT_CLASS = YES_ERROR;
				CLANG_WARN_RANGE_LOOP_ANALYSIS = YES;
				CLANG_WARN_STRICT_PROTOTYPES = YES;
				CLANG_WARN_SUSPICIOUS_MOVE = YES;
				CLANG_WARN_UNGUARDED_AVAILABILITY = YES_AGGRESSIVE;
				CLANG_WARN_UNREACHABLE_CODE = YES;
				CLANG_WARN__DUPLICATE_METHOD_MATCH = YES;
				CODE_SIGN_IDENTITY = "iPhone Developer";
				COPY_PHASE_STRIP = NO;
				DEBUG_INFORMATION_FORMAT = dwarf;
				ENABLE_STRICT_OBJC_MSGSEND = YES;
				ENABLE_TESTABILITY = YES;
				GCC_C_LANGUAGE_STANDARD = gnu11;
				GCC_DYNAMIC_NO_PIC = NO;
				GCC_NO_COMMON_BLOCKS = YES;
				GCC_OPTIMIZATION_LEVEL = 0;
				GCC_PREPROCESSOR_DEFINITIONS = (
					"DEBUG=1",
					"$(inherited)",
				);
				GCC_WARN_64_TO_32_BIT_CONVERSION = YES;
				GCC_WARN_ABOUT_RETURN_TYPE = YES_ERROR;
				GCC_WARN_UNDECLARED_SELECTOR = YES;
				GCC_WARN_UNINITIALIZED_AUTOS = YES_AGGRESSIVE;
				GCC_WARN_UNUSED_FUNCTION = YES;
				GCC_WARN_UNUSED_VARIABLE = YES;
				IPHONEOS_DEPLOYMENT_TARGET = 12.4;
				MTL_ENABLE_DEBUG_INFO = INCLUDE_SOURCE;
				MTL_FAST_MATH = YES;
				ONLY_ACTIVE_ARCH = YES;
				SDKROOT = iphoneos;
				SWIFT_ACTIVE_COMPILATION_CONDITIONS = DEBUG;
				SWIFT_OPTIMIZATION_LEVEL = "-Onone";
			};
			name = Debug;
		};
		E040377322FCEC270005856E /* Release */ = {
			isa = XCBuildConfiguration;
			buildSettings = {
				ALWAYS_SEARCH_USER_PATHS = NO;
				CLANG_ANALYZER_NONNULL = YES;
				CLANG_ANALYZER_NUMBER_OBJECT_CONVERSION = YES_AGGRESSIVE;
				CLANG_CXX_LANGUAGE_STANDARD = "gnu++14";
				CLANG_CXX_LIBRARY = "libc++";
				CLANG_ENABLE_MODULES = YES;
				CLANG_ENABLE_OBJC_ARC = YES;
				CLANG_ENABLE_OBJC_WEAK = YES;
				CLANG_WARN_BLOCK_CAPTURE_AUTORELEASING = YES;
				CLANG_WARN_BOOL_CONVERSION = YES;
				CLANG_WARN_COMMA = YES;
				CLANG_WARN_CONSTANT_CONVERSION = YES;
				CLANG_WARN_DEPRECATED_OBJC_IMPLEMENTATIONS = YES;
				CLANG_WARN_DIRECT_OBJC_ISA_USAGE = YES_ERROR;
				CLANG_WARN_DOCUMENTATION_COMMENTS = YES;
				CLANG_WARN_EMPTY_BODY = YES;
				CLANG_WARN_ENUM_CONVERSION = YES;
				CLANG_WARN_INFINITE_RECURSION = YES;
				CLANG_WARN_INT_CONVERSION = YES;
				CLANG_WARN_NON_LITERAL_NULL_CONVERSION = YES;
				CLANG_WARN_OBJC_IMPLICIT_RETAIN_SELF = YES;
				CLANG_WARN_OBJC_LITERAL_CONVERSION = YES;
				CLANG_WARN_OBJC_ROOT_CLASS = YES_ERROR;
				CLANG_WARN_RANGE_LOOP_ANALYSIS = YES;
				CLANG_WARN_STRICT_PROTOTYPES = YES;
				CLANG_WARN_SUSPICIOUS_MOVE = YES;
				CLANG_WARN_UNGUARDED_AVAILABILITY = YES_AGGRESSIVE;
				CLANG_WARN_UNREACHABLE_CODE = YES;
				CLANG_WARN__DUPLICATE_METHOD_MATCH = YES;
				CODE_SIGN_IDENTITY = "iPhone Developer";
				COPY_PHASE_STRIP = NO;
				DEBUG_INFORMATION_FORMAT = "dwarf-with-dsym";
				ENABLE_NS_ASSERTIONS = NO;
				ENABLE_STRICT_OBJC_MSGSEND = YES;
				GCC_C_LANGUAGE_STANDARD = gnu11;
				GCC_NO_COMMON_BLOCKS = YES;
				GCC_WARN_64_TO_32_BIT_CONVERSION = YES;
				GCC_WARN_ABOUT_RETURN_TYPE = YES_ERROR;
				GCC_WARN_UNDECLARED_SELECTOR = YES;
				GCC_WARN_UNINITIALIZED_AUTOS = YES_AGGRESSIVE;
				GCC_WARN_UNUSED_FUNCTION = YES;
				GCC_WARN_UNUSED_VARIABLE = YES;
				IPHONEOS_DEPLOYMENT_TARGET = 12.4;
				MTL_ENABLE_DEBUG_INFO = NO;
				MTL_FAST_MATH = YES;
				SDKROOT = iphoneos;
				SWIFT_COMPILATION_MODE = wholemodule;
				SWIFT_OPTIMIZATION_LEVEL = "-O";
				VALIDATE_PRODUCT = YES;
			};
			name = Release;
		};
		E040377522FCEC270005856E /* Debug */ = {
			isa = XCBuildConfiguration;
			buildSettings = {
				ASSETCATALOG_COMPILER_APPICON_NAME = AppIcon;
				CODE_SIGN_STYLE = Automatic;
				DEVELOPMENT_TEAM = 9YGPLVL77V;
				INFOPLIST_FILE = "coder-swag/Info.plist";
				LD_RUNPATH_SEARCH_PATHS = (
					"$(inherited)",
					"@executable_path/Frameworks",
				);
				PRODUCT_BUNDLE_IDENTIFIER = "com.giselletavares.coder-swag";
				PRODUCT_NAME = "$(TARGET_NAME)";
				SWIFT_VERSION = 5.0;
				TARGETED_DEVICE_FAMILY = "1,2";
			};
			name = Debug;
		};
		E040377622FCEC270005856E /* Release */ = {
			isa = XCBuildConfiguration;
			buildSettings = {
				ASSETCATALOG_COMPILER_APPICON_NAME = AppIcon;
				CODE_SIGN_STYLE = Automatic;
				DEVELOPMENT_TEAM = 9YGPLVL77V;
				INFOPLIST_FILE = "coder-swag/Info.plist";
				LD_RUNPATH_SEARCH_PATHS = (
					"$(inherited)",
					"@executable_path/Frameworks",
				);
				PRODUCT_BUNDLE_IDENTIFIER = "com.giselletavares.coder-swag";
				PRODUCT_NAME = "$(TARGET_NAME)";
				SWIFT_VERSION = 5.0;
				TARGETED_DEVICE_FAMILY = "1,2";
			};
			name = Release;
		};
/* End XCBuildConfiguration section */

/* Begin XCConfigurationList section */
		E040375D22FCEC240005856E /* Build configuration list for PBXProject "coder-swag" */ = {
			isa = XCConfigurationList;
			buildConfigurations = (
				E040377222FCEC270005856E /* Debug */,
				E040377322FCEC270005856E /* Release */,
			);
			defaultConfigurationIsVisible = 0;
			defaultConfigurationName = Release;
		};
		E040377422FCEC270005856E /* Build configuration list for PBXNativeTarget "coder-swag" */ = {
			isa = XCConfigurationList;
			buildConfigurations = (
				E040377522FCEC270005856E /* Debug */,
				E040377622FCEC270005856E /* Release */,
			);
			defaultConfigurationIsVisible = 0;
			defaultConfigurationName = Release;
		};
/* End XCConfigurationList section */
	};
	rootObject = E040375A22FCEC240005856E /* Project object */;
}
